// !$*UTF8*$!
{
	archiveVersion = 1;
	classes = {
	};
	objectVersion = 55;
	objects = {

/* Begin PBXBuildFile section */
		FA6EB8F027AAB8C500738161 /* JcampConverter.docc in Sources */ = {isa = PBXBuildFile; fileRef = FA6EB8EF27AAB8C500738161 /* JcampConverter.docc */; };
		FA6EB8F627AAB8C500738161 /* JcampConverter.framework in Frameworks */ = {isa = PBXBuildFile; fileRef = FA6EB8EB27AAB8C500738161 /* JcampConverter.framework */; };
		FA6EB8FB27AAB8C500738161 /* JcampConverterTests.swift in Sources */ = {isa = PBXBuildFile; fileRef = FA6EB8FA27AAB8C500738161 /* JcampConverterTests.swift */; };
		FA6EB8FC27AAB8C500738161 /* JcampConverter.h in Headers */ = {isa = PBXBuildFile; fileRef = FA6EB8EE27AAB8C500738161 /* JcampConverter.h */; settings = {ATTRIBUTES = (Public, ); }; };
		FA6EB90627AAB92D00738161 /* Constants.swift in Sources */ = {isa = PBXBuildFile; fileRef = FA6EB90527AAB92D00738161 /* Constants.swift */; };
		FA6EB90927AAB98A00738161 /* Utilities.swift in Sources */ = {isa = PBXBuildFile; fileRef = FA6EB90827AAB98A00738161 /* Utilities.swift */; };
		FA6EB90B27AAB9BF00738161 /* Stack.swift in Sources */ = {isa = PBXBuildFile; fileRef = FA6EB90A27AAB9BF00738161 /* Stack.swift */; };
		FA6EB90D27AAB9F700738161 /* Jcamp.swift in Sources */ = {isa = PBXBuildFile; fileRef = FA6EB90C27AAB9F700738161 /* Jcamp.swift */; };
		FA6EB90F27AABA1E00738161 /* JcampReader.swift in Sources */ = {isa = PBXBuildFile; fileRef = FA6EB90E27AABA1E00738161 /* JcampReader.swift */; };
		FA6EB9AD27AAC41400738161 /* AppDelegate.swift in Sources */ = {isa = PBXBuildFile; fileRef = FA6EB9AC27AAC41400738161 /* AppDelegate.swift */; };
		FA6EB9AF27AAC41400738161 /* SceneDelegate.swift in Sources */ = {isa = PBXBuildFile; fileRef = FA6EB9AE27AAC41400738161 /* SceneDelegate.swift */; };
		FA6EB9B127AAC41400738161 /* ViewController.swift in Sources */ = {isa = PBXBuildFile; fileRef = FA6EB9B027AAC41400738161 /* ViewController.swift */; };
		FA6EB9B427AAC41400738161 /* Main.storyboard in Resources */ = {isa = PBXBuildFile; fileRef = FA6EB9B227AAC41400738161 /* Main.storyboard */; };
		FA6EB9B627AAC41500738161 /* Assets.xcassets in Resources */ = {isa = PBXBuildFile; fileRef = FA6EB9B527AAC41500738161 /* Assets.xcassets */; };
		FA6EB9B927AAC41500738161 /* LaunchScreen.storyboard in Resources */ = {isa = PBXBuildFile; fileRef = FA6EB9B727AAC41500738161 /* LaunchScreen.storyboard */; };
		FA6EB9C427AAC41500738161 /* TestJcampTests.swift in Sources */ = {isa = PBXBuildFile; fileRef = FA6EB9C327AAC41500738161 /* TestJcampTests.swift */; };
		FA6EB9CE27AAC41500738161 /* TestJcampUITests.swift in Sources */ = {isa = PBXBuildFile; fileRef = FA6EB9CD27AAC41500738161 /* TestJcampUITests.swift */; };
		FA6EB9D027AAC41500738161 /* TestJcampUITestsLaunchTests.swift in Sources */ = {isa = PBXBuildFile; fileRef = FA6EB9CF27AAC41500738161 /* TestJcampUITestsLaunchTests.swift */; };
		FA6EB9DE27AAC52C00738161 /* JcampConverter.framework in Frameworks */ = {isa = PBXBuildFile; fileRef = FA6EB8EB27AAB8C500738161 /* JcampConverter.framework */; };
		FA6EB9DF27AAC52C00738161 /* JcampConverter.framework in Embed Frameworks */ = {isa = PBXBuildFile; fileRef = FA6EB8EB27AAB8C500738161 /* JcampConverter.framework */; settings = {ATTRIBUTES = (CodeSignOnCopy, RemoveHeadersOnCopy, ); }; };
		FA6EB9FA27AAC98E00738161 /* test_file_20.dx in Resources */ = {isa = PBXBuildFile; fileRef = FA6EB9E627AAC98E00738161 /* test_file_20.dx */; };
		FA6EB9FB27AAC98E00738161 /* test_file_1.dx in Resources */ = {isa = PBXBuildFile; fileRef = FA6EB9E727AAC98E00738161 /* test_file_1.dx */; };
		FA6EB9FC27AAC98E00738161 /* test_file_5.dx in Resources */ = {isa = PBXBuildFile; fileRef = FA6EB9E827AAC98E00738161 /* test_file_5.dx */; };
		FA6EB9FD27AAC98E00738161 /* test_file_12.dx in Resources */ = {isa = PBXBuildFile; fileRef = FA6EB9E927AAC98E00738161 /* test_file_12.dx */; };
		FA6EB9FE27AAC98E00738161 /* test_file_14.dx in Resources */ = {isa = PBXBuildFile; fileRef = FA6EB9EA27AAC98E00738161 /* test_file_14.dx */; };
		FA6EB9FF27AAC98E00738161 /* test_file_15.dx in Resources */ = {isa = PBXBuildFile; fileRef = FA6EB9EB27AAC98E00738161 /* test_file_15.dx */; };
		FA6EBA0027AAC98E00738161 /* test_file_13.dx in Resources */ = {isa = PBXBuildFile; fileRef = FA6EB9EC27AAC98E00738161 /* test_file_13.dx */; };
		FA6EBA0127AAC98E00738161 /* test_file_17.dx in Resources */ = {isa = PBXBuildFile; fileRef = FA6EB9ED27AAC98E00738161 /* test_file_17.dx */; };
		FA6EBA0227AAC98E00738161 /* test_file_7.dx in Resources */ = {isa = PBXBuildFile; fileRef = FA6EB9EE27AAC98E00738161 /* test_file_7.dx */; };
		FA6EBA0327AAC98E00738161 /* test_file_19.dx in Resources */ = {isa = PBXBuildFile; fileRef = FA6EB9EF27AAC98E00738161 /* test_file_19.dx */; };
		FA6EBA0427AAC98E00738161 /* test_file_4_failed.dx in Resources */ = {isa = PBXBuildFile; fileRef = FA6EB9F027AAC98E00738161 /* test_file_4_failed.dx */; };
		FA6EBA0527AAC98E00738161 /* test_file_8.dx in Resources */ = {isa = PBXBuildFile; fileRef = FA6EB9F127AAC98E00738161 /* test_file_8.dx */; };
		FA6EBA0627AAC98E00738161 /* test_file_3.dx in Resources */ = {isa = PBXBuildFile; fileRef = FA6EB9F227AAC98E00738161 /* test_file_3.dx */; };
		FA6EBA0727AAC98E00738161 /* test_file_16.dx in Resources */ = {isa = PBXBuildFile; fileRef = FA6EB9F327AAC98E00738161 /* test_file_16.dx */; };
		FA6EBA0827AAC98E00738161 /* test_file_18.dx in Resources */ = {isa = PBXBuildFile; fileRef = FA6EB9F427AAC98E00738161 /* test_file_18.dx */; };
		FA6EBA0927AAC98E00738161 /* test_file_10.dx in Resources */ = {isa = PBXBuildFile; fileRef = FA6EB9F527AAC98E00738161 /* test_file_10.dx */; };
		FA6EBA0A27AAC98F00738161 /* test_file_9.dx in Resources */ = {isa = PBXBuildFile; fileRef = FA6EB9F627AAC98E00738161 /* test_file_9.dx */; };
		FA6EBA0B27AAC98F00738161 /* test_file_2.dx in Resources */ = {isa = PBXBuildFile; fileRef = FA6EB9F727AAC98E00738161 /* test_file_2.dx */; };
		FA6EBA0C27AAC98F00738161 /* test_file_11.dx in Resources */ = {isa = PBXBuildFile; fileRef = FA6EB9F827AAC98E00738161 /* test_file_11.dx */; };
		FA6EBA0D27AAC98F00738161 /* test_file_6.dx in Resources */ = {isa = PBXBuildFile; fileRef = FA6EB9F927AAC98E00738161 /* test_file_6.dx */; };
/* End PBXBuildFile section */

/* Begin PBXContainerItemProxy section */
		FA6EB8F727AAB8C500738161 /* PBXContainerItemProxy */ = {
			isa = PBXContainerItemProxy;
			containerPortal = FA6EB8E227AAB8C500738161 /* Project object */;
			proxyType = 1;
			remoteGlobalIDString = FA6EB8EA27AAB8C500738161;
			remoteInfo = JcampConverter;
		};
		FA6EB9C027AAC41500738161 /* PBXContainerItemProxy */ = {
			isa = PBXContainerItemProxy;
			containerPortal = FA6EB8E227AAB8C500738161 /* Project object */;
			proxyType = 1;
			remoteGlobalIDString = FA6EB9A927AAC41400738161;
			remoteInfo = TestJcamp;
		};
		FA6EB9CA27AAC41500738161 /* PBXContainerItemProxy */ = {
			isa = PBXContainerItemProxy;
			containerPortal = FA6EB8E227AAB8C500738161 /* Project object */;
			proxyType = 1;
			remoteGlobalIDString = FA6EB9A927AAC41400738161;
			remoteInfo = TestJcamp;
		};
/* End PBXContainerItemProxy section */

/* Begin PBXCopyFilesBuildPhase section */
		FA6EB9E027AAC52C00738161 /* Embed Frameworks */ = {
			isa = PBXCopyFilesBuildPhase;
			buildActionMask = 2147483647;
			dstPath = "";
			dstSubfolderSpec = 10;
			files = (
				FA6EB9DF27AAC52C00738161 /* JcampConverter.framework in Embed Frameworks */,
			);
			name = "Embed Frameworks";
			runOnlyForDeploymentPostprocessing = 0;
		};
/* End PBXCopyFilesBuildPhase section */

/* Begin PBXFileReference section */
		FA6EB8EB27AAB8C500738161 /* JcampConverter.framework */ = {isa = PBXFileReference; explicitFileType = wrapper.framework; includeInIndex = 0; path = JcampConverter.framework; sourceTree = BUILT_PRODUCTS_DIR; };
		FA6EB8EE27AAB8C500738161 /* JcampConverter.h */ = {isa = PBXFileReference; lastKnownFileType = sourcecode.c.h; path = JcampConverter.h; sourceTree = "<group>"; };
		FA6EB8EF27AAB8C500738161 /* JcampConverter.docc */ = {isa = PBXFileReference; lastKnownFileType = folder.documentationcatalog; path = JcampConverter.docc; sourceTree = "<group>"; };
		FA6EB8F527AAB8C500738161 /* JcampConverterTests.xctest */ = {isa = PBXFileReference; explicitFileType = wrapper.cfbundle; includeInIndex = 0; path = JcampConverterTests.xctest; sourceTree = BUILT_PRODUCTS_DIR; };
		FA6EB8FA27AAB8C500738161 /* JcampConverterTests.swift */ = {isa = PBXFileReference; lastKnownFileType = sourcecode.swift; path = JcampConverterTests.swift; sourceTree = "<group>"; };
		FA6EB90527AAB92D00738161 /* Constants.swift */ = {isa = PBXFileReference; lastKnownFileType = sourcecode.swift; path = Constants.swift; sourceTree = "<group>"; };
		FA6EB90827AAB98A00738161 /* Utilities.swift */ = {isa = PBXFileReference; lastKnownFileType = sourcecode.swift; path = Utilities.swift; sourceTree = "<group>"; };
		FA6EB90A27AAB9BF00738161 /* Stack.swift */ = {isa = PBXFileReference; lastKnownFileType = sourcecode.swift; path = Stack.swift; sourceTree = "<group>"; };
		FA6EB90C27AAB9F700738161 /* Jcamp.swift */ = {isa = PBXFileReference; lastKnownFileType = sourcecode.swift; path = Jcamp.swift; sourceTree = "<group>"; };
		FA6EB90E27AABA1E00738161 /* JcampReader.swift */ = {isa = PBXFileReference; lastKnownFileType = sourcecode.swift; path = JcampReader.swift; sourceTree = "<group>"; };
		FA6EB9AA27AAC41400738161 /* TestJcamp.app */ = {isa = PBXFileReference; explicitFileType = wrapper.application; includeInIndex = 0; path = TestJcamp.app; sourceTree = BUILT_PRODUCTS_DIR; };
		FA6EB9AC27AAC41400738161 /* AppDelegate.swift */ = {isa = PBXFileReference; lastKnownFileType = sourcecode.swift; path = AppDelegate.swift; sourceTree = "<group>"; };
		FA6EB9AE27AAC41400738161 /* SceneDelegate.swift */ = {isa = PBXFileReference; lastKnownFileType = sourcecode.swift; path = SceneDelegate.swift; sourceTree = "<group>"; };
		FA6EB9B027AAC41400738161 /* ViewController.swift */ = {isa = PBXFileReference; lastKnownFileType = sourcecode.swift; path = ViewController.swift; sourceTree = "<group>"; };
		FA6EB9B327AAC41400738161 /* Base */ = {isa = PBXFileReference; lastKnownFileType = file.storyboard; name = Base; path = Base.lproj/Main.storyboard; sourceTree = "<group>"; };
		FA6EB9B527AAC41500738161 /* Assets.xcassets */ = {isa = PBXFileReference; lastKnownFileType = folder.assetcatalog; path = Assets.xcassets; sourceTree = "<group>"; };
		FA6EB9B827AAC41500738161 /* Base */ = {isa = PBXFileReference; lastKnownFileType = file.storyboard; name = Base; path = Base.lproj/LaunchScreen.storyboard; sourceTree = "<group>"; };
		FA6EB9BA27AAC41500738161 /* Info.plist */ = {isa = PBXFileReference; lastKnownFileType = text.plist.xml; path = Info.plist; sourceTree = "<group>"; };
		FA6EB9BF27AAC41500738161 /* TestJcampTests.xctest */ = {isa = PBXFileReference; explicitFileType = wrapper.cfbundle; includeInIndex = 0; path = TestJcampTests.xctest; sourceTree = BUILT_PRODUCTS_DIR; };
		FA6EB9C327AAC41500738161 /* TestJcampTests.swift */ = {isa = PBXFileReference; lastKnownFileType = sourcecode.swift; path = TestJcampTests.swift; sourceTree = "<group>"; };
		FA6EB9C927AAC41500738161 /* TestJcampUITests.xctest */ = {isa = PBXFileReference; explicitFileType = wrapper.cfbundle; includeInIndex = 0; path = TestJcampUITests.xctest; sourceTree = BUILT_PRODUCTS_DIR; };
		FA6EB9CD27AAC41500738161 /* TestJcampUITests.swift */ = {isa = PBXFileReference; lastKnownFileType = sourcecode.swift; path = TestJcampUITests.swift; sourceTree = "<group>"; };
		FA6EB9CF27AAC41500738161 /* TestJcampUITestsLaunchTests.swift */ = {isa = PBXFileReference; lastKnownFileType = sourcecode.swift; path = TestJcampUITestsLaunchTests.swift; sourceTree = "<group>"; };
		FA6EB9E627AAC98E00738161 /* test_file_20.dx */ = {isa = PBXFileReference; fileEncoding = 4; lastKnownFileType = text; path = test_file_20.dx; sourceTree = "<group>"; };
		FA6EB9E727AAC98E00738161 /* test_file_1.dx */ = {isa = PBXFileReference; fileEncoding = 4; lastKnownFileType = text; path = test_file_1.dx; sourceTree = "<group>"; };
		FA6EB9E827AAC98E00738161 /* test_file_5.dx */ = {isa = PBXFileReference; fileEncoding = 4; lastKnownFileType = text; path = test_file_5.dx; sourceTree = "<group>"; };
		FA6EB9E927AAC98E00738161 /* test_file_12.dx */ = {isa = PBXFileReference; fileEncoding = 4; lastKnownFileType = text; path = test_file_12.dx; sourceTree = "<group>"; };
		FA6EB9EA27AAC98E00738161 /* test_file_14.dx */ = {isa = PBXFileReference; fileEncoding = 4; lastKnownFileType = text; path = test_file_14.dx; sourceTree = "<group>"; };
		FA6EB9EB27AAC98E00738161 /* test_file_15.dx */ = {isa = PBXFileReference; fileEncoding = 4; lastKnownFileType = text; path = test_file_15.dx; sourceTree = "<group>"; };
		FA6EB9EC27AAC98E00738161 /* test_file_13.dx */ = {isa = PBXFileReference; fileEncoding = 4; lastKnownFileType = text; path = test_file_13.dx; sourceTree = "<group>"; };
		FA6EB9ED27AAC98E00738161 /* test_file_17.dx */ = {isa = PBXFileReference; fileEncoding = 4; lastKnownFileType = text; path = test_file_17.dx; sourceTree = "<group>"; };
		FA6EB9EE27AAC98E00738161 /* test_file_7.dx */ = {isa = PBXFileReference; fileEncoding = 4; lastKnownFileType = text; path = test_file_7.dx; sourceTree = "<group>"; };
		FA6EB9EF27AAC98E00738161 /* test_file_19.dx */ = {isa = PBXFileReference; fileEncoding = 4; lastKnownFileType = text; path = test_file_19.dx; sourceTree = "<group>"; };
		FA6EB9F027AAC98E00738161 /* test_file_4_failed.dx */ = {isa = PBXFileReference; fileEncoding = 4; lastKnownFileType = text; path = test_file_4_failed.dx; sourceTree = "<group>"; };
		FA6EB9F127AAC98E00738161 /* test_file_8.dx */ = {isa = PBXFileReference; fileEncoding = 4; lastKnownFileType = text; path = test_file_8.dx; sourceTree = "<group>"; };
		FA6EB9F227AAC98E00738161 /* test_file_3.dx */ = {isa = PBXFileReference; fileEncoding = 4; lastKnownFileType = text; path = test_file_3.dx; sourceTree = "<group>"; };
		FA6EB9F327AAC98E00738161 /* test_file_16.dx */ = {isa = PBXFileReference; fileEncoding = 4; lastKnownFileType = text; path = test_file_16.dx; sourceTree = "<group>"; };
		FA6EB9F427AAC98E00738161 /* test_file_18.dx */ = {isa = PBXFileReference; fileEncoding = 4; lastKnownFileType = text; path = test_file_18.dx; sourceTree = "<group>"; };
		FA6EB9F527AAC98E00738161 /* test_file_10.dx */ = {isa = PBXFileReference; fileEncoding = 4; lastKnownFileType = text; path = test_file_10.dx; sourceTree = "<group>"; };
		FA6EB9F627AAC98E00738161 /* test_file_9.dx */ = {isa = PBXFileReference; fileEncoding = 4; lastKnownFileType = text; path = test_file_9.dx; sourceTree = "<group>"; };
		FA6EB9F727AAC98E00738161 /* test_file_2.dx */ = {isa = PBXFileReference; fileEncoding = 4; lastKnownFileType = text; path = test_file_2.dx; sourceTree = "<group>"; };
		FA6EB9F827AAC98E00738161 /* test_file_11.dx */ = {isa = PBXFileReference; fileEncoding = 4; lastKnownFileType = text; path = test_file_11.dx; sourceTree = "<group>"; };
		FA6EB9F927AAC98E00738161 /* test_file_6.dx */ = {isa = PBXFileReference; fileEncoding = 4; lastKnownFileType = text; path = test_file_6.dx; sourceTree = "<group>"; };
/* End PBXFileReference section */

/* Begin PBXFrameworksBuildPhase section */
		FA6EB8E827AAB8C500738161 /* Frameworks */ = {
			isa = PBXFrameworksBuildPhase;
			buildActionMask = 2147483647;
			files = (
			);
			runOnlyForDeploymentPostprocessing = 0;
		};
		FA6EB8F227AAB8C500738161 /* Frameworks */ = {
			isa = PBXFrameworksBuildPhase;
			buildActionMask = 2147483647;
			files = (
				FA6EB8F627AAB8C500738161 /* JcampConverter.framework in Frameworks */,
			);
			runOnlyForDeploymentPostprocessing = 0;
		};
		FA6EB9A727AAC41400738161 /* Frameworks */ = {
			isa = PBXFrameworksBuildPhase;
			buildActionMask = 2147483647;
			files = (
				FA6EB9DE27AAC52C00738161 /* JcampConverter.framework in Frameworks */,
			);
			runOnlyForDeploymentPostprocessing = 0;
		};
		FA6EB9BC27AAC41500738161 /* Frameworks */ = {
			isa = PBXFrameworksBuildPhase;
			buildActionMask = 2147483647;
			files = (
			);
			runOnlyForDeploymentPostprocessing = 0;
		};
		FA6EB9C627AAC41500738161 /* Frameworks */ = {
			isa = PBXFrameworksBuildPhase;
			buildActionMask = 2147483647;
			files = (
			);
			runOnlyForDeploymentPostprocessing = 0;
		};
/* End PBXFrameworksBuildPhase section */

/* Begin PBXGroup section */
		FA6EB8E127AAB8C500738161 = {
			isa = PBXGroup;
			children = (
				FA6EB8ED27AAB8C500738161 /* JcampConverter */,
				FA6EB9AB27AAC41400738161 /* TestJcamp */,
				FA6EB8F927AAB8C500738161 /* JcampConverterTests */,
				FA6EB9C227AAC41500738161 /* TestJcampTests */,
				FA6EB9CC27AAC41500738161 /* TestJcampUITests */,
				FA6EB8EC27AAB8C500738161 /* Products */,
				FA6EB9DC27AAC50C00738161 /* Frameworks */,
			);
			sourceTree = "<group>";
		};
		FA6EB8EC27AAB8C500738161 /* Products */ = {
			isa = PBXGroup;
			children = (
				FA6EB8EB27AAB8C500738161 /* JcampConverter.framework */,
				FA6EB8F527AAB8C500738161 /* JcampConverterTests.xctest */,
				FA6EB9AA27AAC41400738161 /* TestJcamp.app */,
				FA6EB9BF27AAC41500738161 /* TestJcampTests.xctest */,
				FA6EB9C927AAC41500738161 /* TestJcampUITests.xctest */,
			);
			name = Products;
			sourceTree = "<group>";
		};
		FA6EB8ED27AAB8C500738161 /* JcampConverter */ = {
			isa = PBXGroup;
			children = (
				FA6EB8EE27AAB8C500738161 /* JcampConverter.h */,
				FA6EB8EF27AAB8C500738161 /* JcampConverter.docc */,
				FA6EB90527AAB92D00738161 /* Constants.swift */,
				FA6EB90C27AAB9F700738161 /* Jcamp.swift */,
				FA6EB90E27AABA1E00738161 /* JcampReader.swift */,
				FA6EB90727AAB97000738161 /* Utils */,
			);
			path = JcampConverter;
			sourceTree = "<group>";
		};
		FA6EB8F927AAB8C500738161 /* JcampConverterTests */ = {
			isa = PBXGroup;
			children = (
				FA6EB8FA27AAB8C500738161 /* JcampConverterTests.swift */,
			);
			path = JcampConverterTests;
			sourceTree = "<group>";
		};
		FA6EB90727AAB97000738161 /* Utils */ = {
			isa = PBXGroup;
			children = (
				FA6EB90827AAB98A00738161 /* Utilities.swift */,
				FA6EB90A27AAB9BF00738161 /* Stack.swift */,
			);
			path = Utils;
			sourceTree = "<group>";
		};
		FA6EB9AB27AAC41400738161 /* TestJcamp */ = {
			isa = PBXGroup;
			children = (
				FA6EB9AC27AAC41400738161 /* AppDelegate.swift */,
				FA6EB9AE27AAC41400738161 /* SceneDelegate.swift */,
				FA6EB9B027AAC41400738161 /* ViewController.swift */,
				FA6EB9E527AAC97300738161 /* testdata */,
				FA6EB9B227AAC41400738161 /* Main.storyboard */,
				FA6EB9B527AAC41500738161 /* Assets.xcassets */,
				FA6EB9B727AAC41500738161 /* LaunchScreen.storyboard */,
				FA6EB9BA27AAC41500738161 /* Info.plist */,
			);
			path = TestJcamp;
			sourceTree = "<group>";
		};
		FA6EB9C227AAC41500738161 /* TestJcampTests */ = {
			isa = PBXGroup;
			children = (
				FA6EB9C327AAC41500738161 /* TestJcampTests.swift */,
			);
			path = TestJcampTests;
			sourceTree = "<group>";
		};
		FA6EB9CC27AAC41500738161 /* TestJcampUITests */ = {
			isa = PBXGroup;
			children = (
				FA6EB9CD27AAC41500738161 /* TestJcampUITests.swift */,
				FA6EB9CF27AAC41500738161 /* TestJcampUITestsLaunchTests.swift */,
			);
			path = TestJcampUITests;
			sourceTree = "<group>";
		};
		FA6EB9DC27AAC50C00738161 /* Frameworks */ = {
			isa = PBXGroup;
			children = (
			);
			name = Frameworks;
			sourceTree = "<group>";
		};
		FA6EB9E527AAC97300738161 /* testdata */ = {
			isa = PBXGroup;
			children = (
				FA6EB9E727AAC98E00738161 /* test_file_1.dx */,
				FA6EB9F727AAC98E00738161 /* test_file_2.dx */,
				FA6EB9F227AAC98E00738161 /* test_file_3.dx */,
				FA6EB9F027AAC98E00738161 /* test_file_4_failed.dx */,
				FA6EB9E827AAC98E00738161 /* test_file_5.dx */,
				FA6EB9F927AAC98E00738161 /* test_file_6.dx */,
				FA6EB9EE27AAC98E00738161 /* test_file_7.dx */,
				FA6EB9F127AAC98E00738161 /* test_file_8.dx */,
				FA6EB9F627AAC98E00738161 /* test_file_9.dx */,
				FA6EB9F527AAC98E00738161 /* test_file_10.dx */,
				FA6EB9F827AAC98E00738161 /* test_file_11.dx */,
				FA6EB9E927AAC98E00738161 /* test_file_12.dx */,
				FA6EB9EC27AAC98E00738161 /* test_file_13.dx */,
				FA6EB9EA27AAC98E00738161 /* test_file_14.dx */,
				FA6EB9EB27AAC98E00738161 /* test_file_15.dx */,
				FA6EB9F327AAC98E00738161 /* test_file_16.dx */,
				FA6EB9ED27AAC98E00738161 /* test_file_17.dx */,
				FA6EB9F427AAC98E00738161 /* test_file_18.dx */,
				FA6EB9EF27AAC98E00738161 /* test_file_19.dx */,
				FA6EB9E627AAC98E00738161 /* test_file_20.dx */,
			);
			path = testdata;
			sourceTree = "<group>";
		};
/* End PBXGroup section */

/* Begin PBXHeadersBuildPhase section */
		FA6EB8E627AAB8C500738161 /* Headers */ = {
			isa = PBXHeadersBuildPhase;
			buildActionMask = 2147483647;
			files = (
				FA6EB8FC27AAB8C500738161 /* JcampConverter.h in Headers */,
			);
			runOnlyForDeploymentPostprocessing = 0;
		};
/* End PBXHeadersBuildPhase section */

/* Begin PBXNativeTarget section */
		FA6EB8EA27AAB8C500738161 /* JcampConverter */ = {
			isa = PBXNativeTarget;
			buildConfigurationList = FA6EB8FF27AAB8C500738161 /* Build configuration list for PBXNativeTarget "JcampConverter" */;
			buildPhases = (
				FA6EB8E627AAB8C500738161 /* Headers */,
				FA6EB8E727AAB8C500738161 /* Sources */,
				FA6EB8E827AAB8C500738161 /* Frameworks */,
				FA6EB8E927AAB8C500738161 /* Resources */,
			);
			buildRules = (
			);
			dependencies = (
			);
			name = JcampConverter;
			productName = JcampConverter;
			productReference = FA6EB8EB27AAB8C500738161 /* JcampConverter.framework */;
			productType = "com.apple.product-type.framework";
		};
		FA6EB8F427AAB8C500738161 /* JcampConverterTests */ = {
			isa = PBXNativeTarget;
			buildConfigurationList = FA6EB90227AAB8C500738161 /* Build configuration list for PBXNativeTarget "JcampConverterTests" */;
			buildPhases = (
				FA6EB8F127AAB8C500738161 /* Sources */,
				FA6EB8F227AAB8C500738161 /* Frameworks */,
				FA6EB8F327AAB8C500738161 /* Resources */,
			);
			buildRules = (
			);
			dependencies = (
				FA6EB8F827AAB8C500738161 /* PBXTargetDependency */,
			);
			name = JcampConverterTests;
			productName = JcampConverterTests;
			productReference = FA6EB8F527AAB8C500738161 /* JcampConverterTests.xctest */;
			productType = "com.apple.product-type.bundle.unit-test";
		};
		FA6EB9A927AAC41400738161 /* TestJcamp */ = {
			isa = PBXNativeTarget;
			buildConfigurationList = FA6EB9D727AAC41500738161 /* Build configuration list for PBXNativeTarget "TestJcamp" */;
			buildPhases = (
				FA6EB9A627AAC41400738161 /* Sources */,
				FA6EB9A727AAC41400738161 /* Frameworks */,
				FA6EB9A827AAC41400738161 /* Resources */,
				FA6EB9E027AAC52C00738161 /* Embed Frameworks */,
			);
			buildRules = (
			);
			dependencies = (
			);
			name = TestJcamp;
			productName = TestJcamp;
			productReference = FA6EB9AA27AAC41400738161 /* TestJcamp.app */;
			productType = "com.apple.product-type.application";
		};
		FA6EB9BE27AAC41500738161 /* TestJcampTests */ = {
			isa = PBXNativeTarget;
			buildConfigurationList = FA6EB9D827AAC41500738161 /* Build configuration list for PBXNativeTarget "TestJcampTests" */;
			buildPhases = (
				FA6EB9BB27AAC41500738161 /* Sources */,
				FA6EB9BC27AAC41500738161 /* Frameworks */,
				FA6EB9BD27AAC41500738161 /* Resources */,
			);
			buildRules = (
			);
			dependencies = (
				FA6EB9C127AAC41500738161 /* PBXTargetDependency */,
			);
			name = TestJcampTests;
			productName = TestJcampTests;
			productReference = FA6EB9BF27AAC41500738161 /* TestJcampTests.xctest */;
			productType = "com.apple.product-type.bundle.unit-test";
		};
		FA6EB9C827AAC41500738161 /* TestJcampUITests */ = {
			isa = PBXNativeTarget;
			buildConfigurationList = FA6EB9D927AAC41500738161 /* Build configuration list for PBXNativeTarget "TestJcampUITests" */;
			buildPhases = (
				FA6EB9C527AAC41500738161 /* Sources */,
				FA6EB9C627AAC41500738161 /* Frameworks */,
				FA6EB9C727AAC41500738161 /* Resources */,
			);
			buildRules = (
			);
			dependencies = (
				FA6EB9CB27AAC41500738161 /* PBXTargetDependency */,
			);
			name = TestJcampUITests;
			productName = TestJcampUITests;
			productReference = FA6EB9C927AAC41500738161 /* TestJcampUITests.xctest */;
			productType = "com.apple.product-type.bundle.ui-testing";
		};
/* End PBXNativeTarget section */

/* Begin PBXProject section */
		FA6EB8E227AAB8C500738161 /* Project object */ = {
			isa = PBXProject;
			attributes = {
				BuildIndependentTargetsInParallel = 1;
				LastSwiftUpdateCheck = 1320;
				LastUpgradeCheck = 1320;
				TargetAttributes = {
					FA6EB8EA27AAB8C500738161 = {
						CreatedOnToolsVersion = 13.2.1;
					};
					FA6EB8F427AAB8C500738161 = {
						CreatedOnToolsVersion = 13.2.1;
					};
					FA6EB9A927AAC41400738161 = {
						CreatedOnToolsVersion = 13.2.1;
					};
					FA6EB9BE27AAC41500738161 = {
						CreatedOnToolsVersion = 13.2.1;
						TestTargetID = FA6EB9A927AAC41400738161;
					};
					FA6EB9C827AAC41500738161 = {
						CreatedOnToolsVersion = 13.2.1;
						TestTargetID = FA6EB9A927AAC41400738161;
					};
				};
			};
			buildConfigurationList = FA6EB8E527AAB8C500738161 /* Build configuration list for PBXProject "JcampConverter" */;
			compatibilityVersion = "Xcode 13.0";
			developmentRegion = en;
			hasScannedForEncodings = 0;
			knownRegions = (
				en,
				Base,
			);
			mainGroup = FA6EB8E127AAB8C500738161;
			productRefGroup = FA6EB8EC27AAB8C500738161 /* Products */;
			projectDirPath = "";
			projectRoot = "";
			targets = (
				FA6EB8EA27AAB8C500738161 /* JcampConverter */,
				FA6EB8F427AAB8C500738161 /* JcampConverterTests */,
				FA6EB9A927AAC41400738161 /* TestJcamp */,
				FA6EB9BE27AAC41500738161 /* TestJcampTests */,
				FA6EB9C827AAC41500738161 /* TestJcampUITests */,
			);
		};
/* End PBXProject section */

/* Begin PBXResourcesBuildPhase section */
		FA6EB8E927AAB8C500738161 /* Resources */ = {
			isa = PBXResourcesBuildPhase;
			buildActionMask = 2147483647;
			files = (
			);
			runOnlyForDeploymentPostprocessing = 0;
		};
		FA6EB8F327AAB8C500738161 /* Resources */ = {
			isa = PBXResourcesBuildPhase;
			buildActionMask = 2147483647;
			files = (
			);
			runOnlyForDeploymentPostprocessing = 0;
		};
		FA6EB9A827AAC41400738161 /* Resources */ = {
			isa = PBXResourcesBuildPhase;
			buildActionMask = 2147483647;
			files = (
				FA6EB9B927AAC41500738161 /* LaunchScreen.storyboard in Resources */,
				FA6EB9FF27AAC98E00738161 /* test_file_15.dx in Resources */,
				FA6EB9FC27AAC98E00738161 /* test_file_5.dx in Resources */,
				FA6EBA0027AAC98E00738161 /* test_file_13.dx in Resources */,
				FA6EB9FA27AAC98E00738161 /* test_file_20.dx in Resources */,
				FA6EBA0D27AAC98F00738161 /* test_file_6.dx in Resources */,
				FA6EB9FB27AAC98E00738161 /* test_file_1.dx in Resources */,
				FA6EB9FE27AAC98E00738161 /* test_file_14.dx in Resources */,
				FA6EBA0B27AAC98F00738161 /* test_file_2.dx in Resources */,
				FA6EBA0A27AAC98F00738161 /* test_file_9.dx in Resources */,
				FA6EBA0527AAC98E00738161 /* test_file_8.dx in Resources */,
				FA6EBA0727AAC98E00738161 /* test_file_16.dx in Resources */,
				FA6EB9B627AAC41500738161 /* Assets.xcassets in Resources */,
				FA6EBA0827AAC98E00738161 /* test_file_18.dx in Resources */,
				FA6EBA0627AAC98E00738161 /* test_file_3.dx in Resources */,
				FA6EB9B427AAC41400738161 /* Main.storyboard in Resources */,
				FA6EBA0227AAC98E00738161 /* test_file_7.dx in Resources */,
				FA6EB9FD27AAC98E00738161 /* test_file_12.dx in Resources */,
				FA6EBA0427AAC98E00738161 /* test_file_4_failed.dx in Resources */,
				FA6EBA0927AAC98E00738161 /* test_file_10.dx in Resources */,
				FA6EBA0327AAC98E00738161 /* test_file_19.dx in Resources */,
				FA6EBA0127AAC98E00738161 /* test_file_17.dx in Resources */,
				FA6EBA0C27AAC98F00738161 /* test_file_11.dx in Resources */,
			);
			runOnlyForDeploymentPostprocessing = 0;
		};
		FA6EB9BD27AAC41500738161 /* Resources */ = {
			isa = PBXResourcesBuildPhase;
			buildActionMask = 2147483647;
			files = (
			);
			runOnlyForDeploymentPostprocessing = 0;
		};
		FA6EB9C727AAC41500738161 /* Resources */ = {
			isa = PBXResourcesBuildPhase;
			buildActionMask = 2147483647;
			files = (
			);
			runOnlyForDeploymentPostprocessing = 0;
		};
/* End PBXResourcesBuildPhase section */

/* Begin PBXSourcesBuildPhase section */
		FA6EB8E727AAB8C500738161 /* Sources */ = {
			isa = PBXSourcesBuildPhase;
			buildActionMask = 2147483647;
			files = (
				FA6EB90F27AABA1E00738161 /* JcampReader.swift in Sources */,
				FA6EB90B27AAB9BF00738161 /* Stack.swift in Sources */,
				FA6EB90D27AAB9F700738161 /* Jcamp.swift in Sources */,
				FA6EB90927AAB98A00738161 /* Utilities.swift in Sources */,
				FA6EB8F027AAB8C500738161 /* JcampConverter.docc in Sources */,
				FA6EB90627AAB92D00738161 /* Constants.swift in Sources */,
			);
			runOnlyForDeploymentPostprocessing = 0;
		};
		FA6EB8F127AAB8C500738161 /* Sources */ = {
			isa = PBXSourcesBuildPhase;
			buildActionMask = 2147483647;
			files = (
				FA6EB8FB27AAB8C500738161 /* JcampConverterTests.swift in Sources */,
			);
			runOnlyForDeploymentPostprocessing = 0;
		};
		FA6EB9A627AAC41400738161 /* Sources */ = {
			isa = PBXSourcesBuildPhase;
			buildActionMask = 2147483647;
			files = (
				FA6EB9B127AAC41400738161 /* ViewController.swift in Sources */,
				FA6EB9AD27AAC41400738161 /* AppDelegate.swift in Sources */,
				FA6EB9AF27AAC41400738161 /* SceneDelegate.swift in Sources */,
			);
			runOnlyForDeploymentPostprocessing = 0;
		};
		FA6EB9BB27AAC41500738161 /* Sources */ = {
			isa = PBXSourcesBuildPhase;
			buildActionMask = 2147483647;
			files = (
				FA6EB9C427AAC41500738161 /* TestJcampTests.swift in Sources */,
			);
			runOnlyForDeploymentPostprocessing = 0;
		};
		FA6EB9C527AAC41500738161 /* Sources */ = {
			isa = PBXSourcesBuildPhase;
			buildActionMask = 2147483647;
			files = (
				FA6EB9D027AAC41500738161 /* TestJcampUITestsLaunchTests.swift in Sources */,
				FA6EB9CE27AAC41500738161 /* TestJcampUITests.swift in Sources */,
			);
			runOnlyForDeploymentPostprocessing = 0;
		};
/* End PBXSourcesBuildPhase section */

/* Begin PBXTargetDependency section */
		FA6EB8F827AAB8C500738161 /* PBXTargetDependency */ = {
			isa = PBXTargetDependency;
			target = FA6EB8EA27AAB8C500738161 /* JcampConverter */;
			targetProxy = FA6EB8F727AAB8C500738161 /* PBXContainerItemProxy */;
		};
		FA6EB9C127AAC41500738161 /* PBXTargetDependency */ = {
			isa = PBXTargetDependency;
			target = FA6EB9A927AAC41400738161 /* TestJcamp */;
			targetProxy = FA6EB9C027AAC41500738161 /* PBXContainerItemProxy */;
		};
		FA6EB9CB27AAC41500738161 /* PBXTargetDependency */ = {
			isa = PBXTargetDependency;
			target = FA6EB9A927AAC41400738161 /* TestJcamp */;
			targetProxy = FA6EB9CA27AAC41500738161 /* PBXContainerItemProxy */;
		};
/* End PBXTargetDependency section */

/* Begin PBXVariantGroup section */
		FA6EB9B227AAC41400738161 /* Main.storyboard */ = {
			isa = PBXVariantGroup;
			children = (
				FA6EB9B327AAC41400738161 /* Base */,
			);
			name = Main.storyboard;
			sourceTree = "<group>";
		};
		FA6EB9B727AAC41500738161 /* LaunchScreen.storyboard */ = {
			isa = PBXVariantGroup;
			children = (
				FA6EB9B827AAC41500738161 /* Base */,
			);
			name = LaunchScreen.storyboard;
			sourceTree = "<group>";
		};
/* End PBXVariantGroup section */

/* Begin XCBuildConfiguration section */
		FA6EB8FD27AAB8C500738161 /* Debug */ = {
			isa = XCBuildConfiguration;
			buildSettings = {
				ALWAYS_SEARCH_USER_PATHS = NO;
				CLANG_ANALYZER_NONNULL = YES;
				CLANG_ANALYZER_NUMBER_OBJECT_CONVERSION = YES_AGGRESSIVE;
				CLANG_CXX_LANGUAGE_STANDARD = "gnu++17";
				CLANG_CXX_LIBRARY = "libc++";
				CLANG_ENABLE_MODULES = YES;
				CLANG_ENABLE_OBJC_ARC = YES;
				CLANG_ENABLE_OBJC_WEAK = YES;
				CLANG_WARN_BLOCK_CAPTURE_AUTORELEASING = YES;
				CLANG_WARN_BOOL_CONVERSION = YES;
				CLANG_WARN_COMMA = YES;
				CLANG_WARN_CONSTANT_CONVERSION = YES;
				CLANG_WARN_DEPRECATED_OBJC_IMPLEMENTATIONS = YES;
				CLANG_WARN_DIRECT_OBJC_ISA_USAGE = YES_ERROR;
				CLANG_WARN_DOCUMENTATION_COMMENTS = YES;
				CLANG_WARN_EMPTY_BODY = YES;
				CLANG_WARN_ENUM_CONVERSION = YES;
				CLANG_WARN_INFINITE_RECURSION = YES;
				CLANG_WARN_INT_CONVERSION = YES;
				CLANG_WARN_NON_LITERAL_NULL_CONVERSION = YES;
				CLANG_WARN_OBJC_IMPLICIT_RETAIN_SELF = YES;
				CLANG_WARN_OBJC_LITERAL_CONVERSION = YES;
				CLANG_WARN_OBJC_ROOT_CLASS = YES_ERROR;
				CLANG_WARN_QUOTED_INCLUDE_IN_FRAMEWORK_HEADER = YES;
				CLANG_WARN_RANGE_LOOP_ANALYSIS = YES;
				CLANG_WARN_STRICT_PROTOTYPES = YES;
				CLANG_WARN_SUSPICIOUS_MOVE = YES;
				CLANG_WARN_UNGUARDED_AVAILABILITY = YES_AGGRESSIVE;
				CLANG_WARN_UNREACHABLE_CODE = YES;
				CLANG_WARN__DUPLICATE_METHOD_MATCH = YES;
				COPY_PHASE_STRIP = NO;
				CURRENT_PROJECT_VERSION = 1;
				DEBUG_INFORMATION_FORMAT = dwarf;
				ENABLE_STRICT_OBJC_MSGSEND = YES;
				ENABLE_TESTABILITY = YES;
				GCC_C_LANGUAGE_STANDARD = gnu11;
				GCC_DYNAMIC_NO_PIC = NO;
				GCC_NO_COMMON_BLOCKS = YES;
				GCC_OPTIMIZATION_LEVEL = 0;
				GCC_PREPROCESSOR_DEFINITIONS = (
					"DEBUG=1",
					"$(inherited)",
				);
				GCC_WARN_64_TO_32_BIT_CONVERSION = YES;
				GCC_WARN_ABOUT_RETURN_TYPE = YES_ERROR;
				GCC_WARN_UNDECLARED_SELECTOR = YES;
				GCC_WARN_UNINITIALIZED_AUTOS = YES_AGGRESSIVE;
				GCC_WARN_UNUSED_FUNCTION = YES;
				GCC_WARN_UNUSED_VARIABLE = YES;
				IPHONEOS_DEPLOYMENT_TARGET = 15.2;
				MTL_ENABLE_DEBUG_INFO = INCLUDE_SOURCE;
				MTL_FAST_MATH = YES;
				ONLY_ACTIVE_ARCH = YES;
				SDKROOT = iphoneos;
				SWIFT_ACTIVE_COMPILATION_CONDITIONS = DEBUG;
				SWIFT_OPTIMIZATION_LEVEL = "-Onone";
				VERSIONING_SYSTEM = "apple-generic";
				VERSION_INFO_PREFIX = "";
			};
			name = Debug;
		};
		FA6EB8FE27AAB8C500738161 /* Release */ = {
			isa = XCBuildConfiguration;
			buildSettings = {
				ALWAYS_SEARCH_USER_PATHS = NO;
				CLANG_ANALYZER_NONNULL = YES;
				CLANG_ANALYZER_NUMBER_OBJECT_CONVERSION = YES_AGGRESSIVE;
				CLANG_CXX_LANGUAGE_STANDARD = "gnu++17";
				CLANG_CXX_LIBRARY = "libc++";
				CLANG_ENABLE_MODULES = YES;
				CLANG_ENABLE_OBJC_ARC = YES;
				CLANG_ENABLE_OBJC_WEAK = YES;
				CLANG_WARN_BLOCK_CAPTURE_AUTORELEASING = YES;
				CLANG_WARN_BOOL_CONVERSION = YES;
				CLANG_WARN_COMMA = YES;
				CLANG_WARN_CONSTANT_CONVERSION = YES;
				CLANG_WARN_DEPRECATED_OBJC_IMPLEMENTATIONS = YES;
				CLANG_WARN_DIRECT_OBJC_ISA_USAGE = YES_ERROR;
				CLANG_WARN_DOCUMENTATION_COMMENTS = YES;
				CLANG_WARN_EMPTY_BODY = YES;
				CLANG_WARN_ENUM_CONVERSION = YES;
				CLANG_WARN_INFINITE_RECURSION = YES;
				CLANG_WARN_INT_CONVERSION = YES;
				CLANG_WARN_NON_LITERAL_NULL_CONVERSION = YES;
				CLANG_WARN_OBJC_IMPLICIT_RETAIN_SELF = YES;
				CLANG_WARN_OBJC_LITERAL_CONVERSION = YES;
				CLANG_WARN_OBJC_ROOT_CLASS = YES_ERROR;
				CLANG_WARN_QUOTED_INCLUDE_IN_FRAMEWORK_HEADER = YES;
				CLANG_WARN_RANGE_LOOP_ANALYSIS = YES;
				CLANG_WARN_STRICT_PROTOTYPES = YES;
				CLANG_WARN_SUSPICIOUS_MOVE = YES;
				CLANG_WARN_UNGUARDED_AVAILABILITY = YES_AGGRESSIVE;
				CLANG_WARN_UNREACHABLE_CODE = YES;
				CLANG_WARN__DUPLICATE_METHOD_MATCH = YES;
				COPY_PHASE_STRIP = NO;
				CURRENT_PROJECT_VERSION = 1;
				DEBUG_INFORMATION_FORMAT = "dwarf-with-dsym";
				ENABLE_NS_ASSERTIONS = NO;
				ENABLE_STRICT_OBJC_MSGSEND = YES;
				GCC_C_LANGUAGE_STANDARD = gnu11;
				GCC_NO_COMMON_BLOCKS = YES;
				GCC_WARN_64_TO_32_BIT_CONVERSION = YES;
				GCC_WARN_ABOUT_RETURN_TYPE = YES_ERROR;
				GCC_WARN_UNDECLARED_SELECTOR = YES;
				GCC_WARN_UNINITIALIZED_AUTOS = YES_AGGRESSIVE;
				GCC_WARN_UNUSED_FUNCTION = YES;
				GCC_WARN_UNUSED_VARIABLE = YES;
				IPHONEOS_DEPLOYMENT_TARGET = 15.2;
				MTL_ENABLE_DEBUG_INFO = NO;
				MTL_FAST_MATH = YES;
				SDKROOT = iphoneos;
				SWIFT_COMPILATION_MODE = wholemodule;
				SWIFT_OPTIMIZATION_LEVEL = "-O";
				VALIDATE_PRODUCT = YES;
				VERSIONING_SYSTEM = "apple-generic";
				VERSION_INFO_PREFIX = "";
			};
			name = Release;
		};
		FA6EB90027AAB8C500738161 /* Debug */ = {
			isa = XCBuildConfiguration;
			buildSettings = {
				CODE_SIGN_STYLE = Automatic;
				CURRENT_PROJECT_VERSION = 1;
				DEFINES_MODULE = YES;
				DEVELOPMENT_TEAM = FBSVXGZTXU;
				DYLIB_COMPATIBILITY_VERSION = 1;
				DYLIB_CURRENT_VERSION = 1;
				DYLIB_INSTALL_NAME_BASE = "@rpath";
				GENERATE_INFOPLIST_FILE = YES;
				INFOPLIST_KEY_NSHumanReadableCopyright = "";
				INSTALL_PATH = "$(LOCAL_LIBRARY_DIR)/Frameworks";
				LD_RUNPATH_SEARCH_PATHS = (
					"$(inherited)",
					"@executable_path/Frameworks",
					"@loader_path/Frameworks",
				);
				MARKETING_VERSION = 1.0;
				PRODUCT_BUNDLE_IDENTIFIER = baolan2005.com.JcampConverter;
				PRODUCT_NAME = "$(TARGET_NAME:c99extidentifier)";
				SKIP_INSTALL = YES;
				SWIFT_EMIT_LOC_STRINGS = YES;
				SWIFT_VERSION = 5.0;
				TARGETED_DEVICE_FAMILY = "1,2";
			};
			name = Debug;
		};
		FA6EB90127AAB8C500738161 /* Release */ = {
			isa = XCBuildConfiguration;
			buildSettings = {
				CODE_SIGN_STYLE = Automatic;
				CURRENT_PROJECT_VERSION = 1;
				DEFINES_MODULE = YES;
				DEVELOPMENT_TEAM = FBSVXGZTXU;
				DYLIB_COMPATIBILITY_VERSION = 1;
				DYLIB_CURRENT_VERSION = 1;
				DYLIB_INSTALL_NAME_BASE = "@rpath";
				GENERATE_INFOPLIST_FILE = YES;
				INFOPLIST_KEY_NSHumanReadableCopyright = "";
				INSTALL_PATH = "$(LOCAL_LIBRARY_DIR)/Frameworks";
				LD_RUNPATH_SEARCH_PATHS = (
					"$(inherited)",
					"@executable_path/Frameworks",
					"@loader_path/Frameworks",
				);
				MARKETING_VERSION = 1.0;
				PRODUCT_BUNDLE_IDENTIFIER = baolan2005.com.JcampConverter;
				PRODUCT_NAME = "$(TARGET_NAME:c99extidentifier)";
				SKIP_INSTALL = YES;
				SWIFT_EMIT_LOC_STRINGS = YES;
				SWIFT_VERSION = 5.0;
				TARGETED_DEVICE_FAMILY = "1,2";
			};
			name = Release;
		};
		FA6EB90327AAB8C500738161 /* Debug */ = {
			isa = XCBuildConfiguration;
			buildSettings = {
				ALWAYS_EMBED_SWIFT_STANDARD_LIBRARIES = YES;
				CODE_SIGN_STYLE = Automatic;
				CURRENT_PROJECT_VERSION = 1;
				DEVELOPMENT_TEAM = FBSVXGZTXU;
				GENERATE_INFOPLIST_FILE = YES;
				MARKETING_VERSION = 1.0;
				PRODUCT_BUNDLE_IDENTIFIER = baolan2005.com.JcampConverterTests;
				PRODUCT_NAME = "$(TARGET_NAME)";
				SWIFT_EMIT_LOC_STRINGS = NO;
				SWIFT_VERSION = 5.0;
				TARGETED_DEVICE_FAMILY = "1,2";
			};
			name = Debug;
		};
		FA6EB90427AAB8C500738161 /* Release */ = {
			isa = XCBuildConfiguration;
			buildSettings = {
				ALWAYS_EMBED_SWIFT_STANDARD_LIBRARIES = YES;
				CODE_SIGN_STYLE = Automatic;
				CURRENT_PROJECT_VERSION = 1;
				DEVELOPMENT_TEAM = FBSVXGZTXU;
				GENERATE_INFOPLIST_FILE = YES;
				MARKETING_VERSION = 1.0;
				PRODUCT_BUNDLE_IDENTIFIER = baolan2005.com.JcampConverterTests;
				PRODUCT_NAME = "$(TARGET_NAME)";
				SWIFT_EMIT_LOC_STRINGS = NO;
				SWIFT_VERSION = 5.0;
				TARGETED_DEVICE_FAMILY = "1,2";
			};
			name = Release;
		};
		FA6EB9D127AAC41500738161 /* Debug */ = {
			isa = XCBuildConfiguration;
			buildSettings = {
				ASSETCATALOG_COMPILER_APPICON_NAME = AppIcon;
				ASSETCATALOG_COMPILER_GLOBAL_ACCENT_COLOR_NAME = AccentColor;
				CODE_SIGN_STYLE = Automatic;
				CURRENT_PROJECT_VERSION = 1;
				DEVELOPMENT_TEAM = FBSVXGZTXU;
				GENERATE_INFOPLIST_FILE = YES;
				INFOPLIST_FILE = TestJcamp/Info.plist;
				INFOPLIST_KEY_UIApplicationSupportsIndirectInputEvents = YES;
				INFOPLIST_KEY_UILaunchStoryboardName = LaunchScreen;
				INFOPLIST_KEY_UIMainStoryboardFile = Main;
				INFOPLIST_KEY_UISupportedInterfaceOrientations_iPad = "UIInterfaceOrientationPortrait UIInterfaceOrientationPortraitUpsideDown UIInterfaceOrientationLandscapeLeft UIInterfaceOrientationLandscapeRight";
				INFOPLIST_KEY_UISupportedInterfaceOrientations_iPhone = "UIInterfaceOrientationPortrait UIInterfaceOrientationLandscapeLeft UIInterfaceOrientationLandscapeRight";
				LD_RUNPATH_SEARCH_PATHS = (
					"$(inherited)",
					"@executable_path/Frameworks",
				);
				MARKETING_VERSION = 1.0;
				PRODUCT_BUNDLE_IDENTIFIER = baolan2005.com.TestJcamp;
				PRODUCT_NAME = "$(TARGET_NAME)";
				SWIFT_EMIT_LOC_STRINGS = YES;
				SWIFT_VERSION = 5.0;
				TARGETED_DEVICE_FAMILY = "1,2";
			};
			name = Debug;
		};
		FA6EB9D227AAC41500738161 /* Release */ = {
			isa = XCBuildConfiguration;
			buildSettings = {
				ASSETCATALOG_COMPILER_APPICON_NAME = AppIcon;
				ASSETCATALOG_COMPILER_GLOBAL_ACCENT_COLOR_NAME = AccentColor;
				CODE_SIGN_STYLE = Automatic;
				CURRENT_PROJECT_VERSION = 1;
				DEVELOPMENT_TEAM = FBSVXGZTXU;
				GENERATE_INFOPLIST_FILE = YES;
				INFOPLIST_FILE = TestJcamp/Info.plist;
				INFOPLIST_KEY_UIApplicationSupportsIndirectInputEvents = YES;
				INFOPLIST_KEY_UILaunchStoryboardName = LaunchScreen;
				INFOPLIST_KEY_UIMainStoryboardFile = Main;
				INFOPLIST_KEY_UISupportedInterfaceOrientations_iPad = "UIInterfaceOrientationPortrait UIInterfaceOrientationPortraitUpsideDown UIInterfaceOrientationLandscapeLeft UIInterfaceOrientationLandscapeRight";
				INFOPLIST_KEY_UISupportedInterfaceOrientations_iPhone = "UIInterfaceOrientationPortrait UIInterfaceOrientationLandscapeLeft UIInterfaceOrientationLandscapeRight";
				LD_RUNPATH_SEARCH_PATHS = (
					"$(inherited)",
					"@executable_path/Frameworks",
				);
				MARKETING_VERSION = 1.0;
				PRODUCT_BUNDLE_IDENTIFIER = baolan2005.com.TestJcamp;
				PRODUCT_NAME = "$(TARGET_NAME)";
				SWIFT_EMIT_LOC_STRINGS = YES;
				SWIFT_VERSION = 5.0;
				TARGETED_DEVICE_FAMILY = "1,2";
			};
			name = Release;
		};
		FA6EB9D327AAC41500738161 /* Debug */ = {
			isa = XCBuildConfiguration;
			buildSettings = {
				ALWAYS_EMBED_SWIFT_STANDARD_LIBRARIES = YES;
				BUNDLE_LOADER = "$(TEST_HOST)";
				CODE_SIGN_STYLE = Automatic;
				CURRENT_PROJECT_VERSION = 1;
				DEVELOPMENT_TEAM = FBSVXGZTXU;
				GENERATE_INFOPLIST_FILE = YES;
				IPHONEOS_DEPLOYMENT_TARGET = 15.2;
				MARKETING_VERSION = 1.0;
				PRODUCT_BUNDLE_IDENTIFIER = baolan2005.com.TestJcampTests;
				PRODUCT_NAME = "$(TARGET_NAME)";
				SWIFT_EMIT_LOC_STRINGS = NO;
				SWIFT_VERSION = 5.0;
				TARGETED_DEVICE_FAMILY = "1,2";
				TEST_HOST = "$(BUILT_PRODUCTS_DIR)/TestJcamp.app/TestJcamp";
			};
			name = Debug;
		};
		FA6EB9D427AAC41500738161 /* Release */ = {
			isa = XCBuildConfiguration;
			buildSettings = {
				ALWAYS_EMBED_SWIFT_STANDARD_LIBRARIES = YES;
				BUNDLE_LOADER = "$(TEST_HOST)";
				CODE_SIGN_STYLE = Automatic;
				CURRENT_PROJECT_VERSION = 1;
				DEVELOPMENT_TEAM = FBSVXGZTXU;
				GENERATE_INFOPLIST_FILE = YES;
				IPHONEOS_DEPLOYMENT_TARGET = 15.2;
				MARKETING_VERSION = 1.0;
				PRODUCT_BUNDLE_IDENTIFIER = baolan2005.com.TestJcampTests;
				PRODUCT_NAME = "$(TARGET_NAME)";
				SWIFT_EMIT_LOC_STRINGS = NO;
				SWIFT_VERSION = 5.0;
				TARGETED_DEVICE_FAMILY = "1,2";
				TEST_HOST = "$(BUILT_PRODUCTS_DIR)/TestJcamp.app/TestJcamp";
			};
			name = Release;
		};
		FA6EB9D527AAC41500738161 /* Debug */ = {
			isa = XCBuildConfiguration;
			buildSettings = {
				ALWAYS_EMBED_SWIFT_STANDARD_LIBRARIES = YES;
				CODE_SIGN_STYLE = Automatic;
				CURRENT_PROJECT_VERSION = 1;
				DEVELOPMENT_TEAM = FBSVXGZTXU;
				GENERATE_INFOPLIST_FILE = YES;
				MARKETING_VERSION = 1.0;
				PRODUCT_BUNDLE_IDENTIFIER = baolan2005.com.TestJcampUITests;
				PRODUCT_NAME = "$(TARGET_NAME)";
				SWIFT_EMIT_LOC_STRINGS = NO;
				SWIFT_VERSION = 5.0;
				TARGETED_DEVICE_FAMILY = "1,2";
				TEST_TARGET_NAME = TestJcamp;
			};
			name = Debug;
		};
		FA6EB9D627AAC41500738161 /* Release */ = {
			isa = XCBuildConfiguration;
			buildSettings = {
				ALWAYS_EMBED_SWIFT_STANDARD_LIBRARIES = YES;
				CODE_SIGN_STYLE = Automatic;
				CURRENT_PROJECT_VERSION = 1;
				DEVELOPMENT_TEAM = FBSVXGZTXU;
				GENERATE_INFOPLIST_FILE = YES;
				MARKETING_VERSION = 1.0;
				PRODUCT_BUNDLE_IDENTIFIER = baolan2005.com.TestJcampUITests;
				PRODUCT_NAME = "$(TARGET_NAME)";
				SWIFT_EMIT_LOC_STRINGS = NO;
				SWIFT_VERSION = 5.0;
				TARGETED_DEVICE_FAMILY = "1,2";
				TEST_TARGET_NAME = TestJcamp;
			};
			name = Release;
		};
/* End XCBuildConfiguration section */

/* Begin XCConfigurationList section */
		FA6EB8E527AAB8C500738161 /* Build configuration list for PBXProject "JcampConverter" */ = {
			isa = XCConfigurationList;
			buildConfigurations = (
				FA6EB8FD27AAB8C500738161 /* Debug */,
				FA6EB8FE27AAB8C500738161 /* Release */,
			);
			defaultConfigurationIsVisible = 0;
			defaultConfigurationName = Release;
		};
		FA6EB8FF27AAB8C500738161 /* Build configuration list for PBXNativeTarget "JcampConverter" */ = {
			isa = XCConfigurationList;
			buildConfigurations = (
				FA6EB90027AAB8C500738161 /* Debug */,
				FA6EB90127AAB8C500738161 /* Release */,
			);
			defaultConfigurationIsVisible = 0;
			defaultConfigurationName = Release;
		};
		FA6EB90227AAB8C500738161 /* Build configuration list for PBXNativeTarget "JcampConverterTests" */ = {
			isa = XCConfigurationList;
			buildConfigurations = (
				FA6EB90327AAB8C500738161 /* Debug */,
				FA6EB90427AAB8C500738161 /* Release */,
			);
			defaultConfigurationIsVisible = 0;
			defaultConfigurationName = Release;
		};
		FA6EB9D727AAC41500738161 /* Build configuration list for PBXNativeTarget "TestJcamp" */ = {
			isa = XCConfigurationList;
			buildConfigurations = (
				FA6EB9D127AAC41500738161 /* Debug */,
				FA6EB9D227AAC41500738161 /* Release */,
			);
			defaultConfigurationIsVisible = 0;
			defaultConfigurationName = Release;
		};
		FA6EB9D827AAC41500738161 /* Build configuration list for PBXNativeTarget "TestJcampTests" */ = {
			isa = XCConfigurationList;
			buildConfigurations = (
				FA6EB9D327AAC41500738161 /* Debug */,
				FA6EB9D427AAC41500738161 /* Release */,
			);
			defaultConfigurationIsVisible = 0;
			defaultConfigurationName = Release;
		};
		FA6EB9D927AAC41500738161 /* Build configuration list for PBXNativeTarget "TestJcampUITests" */ = {
			isa = XCConfigurationList;
			buildConfigurations = (
				FA6EB9D527AAC41500738161 /* Debug */,
				FA6EB9D627AAC41500738161 /* Release */,
			);
			defaultConfigurationIsVisible = 0;
			defaultConfigurationName = Release;
		};
/* End XCConfigurationList section */
	};
	rootObject = FA6EB8E227AAB8C500738161 /* Project object */;
}
